// !$*UTF8*$!
{
	archiveVersion = 1;
	classes = {
	};
	objectVersion = 55;
	objects = {

/* Begin PBXBuildFile section */
		46CFE40F27279CB600E6B827 /* AppDelegate.swift in Sources */ = {isa = PBXBuildFile; fileRef = 46CFE40E27279CB600E6B827 /* AppDelegate.swift */; };
		46CFE41127279CB600E6B827 /* SceneDelegate.swift in Sources */ = {isa = PBXBuildFile; fileRef = 46CFE41027279CB600E6B827 /* SceneDelegate.swift */; };
		46CFE41827279CB800E6B827 /* Assets.xcassets in Resources */ = {isa = PBXBuildFile; fileRef = 46CFE41727279CB800E6B827 /* Assets.xcassets */; };
		46CFE41B27279CB800E6B827 /* LaunchScreen.storyboard in Resources */ = {isa = PBXBuildFile; fileRef = 46CFE41927279CB800E6B827 /* LaunchScreen.storyboard */; };
		46CFE4292727A09700E6B827 /* SampleStep.swift in Sources */ = {isa = PBXBuildFile; fileRef = 46CFE4282727A09700E6B827 /* SampleStep.swift */; };
		46CFE42C2727A13800E6B827 /* AppFlow.swift in Sources */ = {isa = PBXBuildFile; fileRef = 46CFE42B2727A13800E6B827 /* AppFlow.swift */; };
		46CFE4302727A19700E6B827 /* BaseService.swift in Sources */ = {isa = PBXBuildFile; fileRef = 46CFE42F2727A19700E6B827 /* BaseService.swift */; };
		46CFE4322727A1B700E6B827 /* ServiceProvider.swift in Sources */ = {isa = PBXBuildFile; fileRef = 46CFE4312727A1B600E6B827 /* ServiceProvider.swift */; };
		46CFE4342727A1DA00E6B827 /* NetworkService.swift in Sources */ = {isa = PBXBuildFile; fileRef = 46CFE4332727A1DA00E6B827 /* NetworkService.swift */; };
		46CFE4362727A1FC00E6B827 /* LoginService.swift in Sources */ = {isa = PBXBuildFile; fileRef = 46CFE4352727A1FC00E6B827 /* LoginService.swift */; };
		46CFE43B2727BAF100E6B827 /* Models.swift in Sources */ = {isa = PBXBuildFile; fileRef = 46CFE43A2727BAF100E6B827 /* Models.swift */; };
		46CFE43D2727BB4000E6B827 /* NetworkManager.swift in Sources */ = {isa = PBXBuildFile; fileRef = 46CFE43C2727BB4000E6B827 /* NetworkManager.swift */; };
		AB9050BFB688547E91C70E82 /* Pods_flowReactor.framework in Frameworks */ = {isa = PBXBuildFile; fileRef = 8F295070F37F8E82D6F62735 /* Pods_flowReactor.framework */; };
/* End PBXBuildFile section */

/* Begin PBXFileReference section */
		46CFE40B27279CB600E6B827 /* flowReactor.app */ = {isa = PBXFileReference; explicitFileType = wrapper.application; includeInIndex = 0; path = flowReactor.app; sourceTree = BUILT_PRODUCTS_DIR; };
		46CFE40E27279CB600E6B827 /* AppDelegate.swift */ = {isa = PBXFileReference; lastKnownFileType = sourcecode.swift; path = AppDelegate.swift; sourceTree = "<group>"; };
		46CFE41027279CB600E6B827 /* SceneDelegate.swift */ = {isa = PBXFileReference; lastKnownFileType = sourcecode.swift; path = SceneDelegate.swift; sourceTree = "<group>"; };
		46CFE41727279CB800E6B827 /* Assets.xcassets */ = {isa = PBXFileReference; lastKnownFileType = folder.assetcatalog; path = Assets.xcassets; sourceTree = "<group>"; };
		46CFE41A27279CB800E6B827 /* Base */ = {isa = PBXFileReference; lastKnownFileType = file.storyboard; name = Base; path = Base.lproj/LaunchScreen.storyboard; sourceTree = "<group>"; };
		46CFE41C27279CB800E6B827 /* Info.plist */ = {isa = PBXFileReference; lastKnownFileType = text.plist.xml; path = Info.plist; sourceTree = "<group>"; };
		46CFE4282727A09700E6B827 /* SampleStep.swift */ = {isa = PBXFileReference; lastKnownFileType = sourcecode.swift; path = SampleStep.swift; sourceTree = "<group>"; };
		46CFE42B2727A13800E6B827 /* AppFlow.swift */ = {isa = PBXFileReference; lastKnownFileType = sourcecode.swift; path = AppFlow.swift; sourceTree = "<group>"; };
		46CFE42F2727A19700E6B827 /* BaseService.swift */ = {isa = PBXFileReference; lastKnownFileType = sourcecode.swift; path = BaseService.swift; sourceTree = "<group>"; };
		46CFE4312727A1B600E6B827 /* ServiceProvider.swift */ = {isa = PBXFileReference; lastKnownFileType = sourcecode.swift; path = ServiceProvider.swift; sourceTree = "<group>"; };
		46CFE4332727A1DA00E6B827 /* NetworkService.swift */ = {isa = PBXFileReference; lastKnownFileType = sourcecode.swift; path = NetworkService.swift; sourceTree = "<group>"; };
		46CFE4352727A1FC00E6B827 /* LoginService.swift */ = {isa = PBXFileReference; lastKnownFileType = sourcecode.swift; path = LoginService.swift; sourceTree = "<group>"; };
		46CFE43A2727BAF100E6B827 /* Models.swift */ = {isa = PBXFileReference; lastKnownFileType = sourcecode.swift; path = Models.swift; sourceTree = "<group>"; };
		46CFE43C2727BB4000E6B827 /* NetworkManager.swift */ = {isa = PBXFileReference; lastKnownFileType = sourcecode.swift; path = NetworkManager.swift; sourceTree = "<group>"; };
		5C7802F01F3DBDB0A950F3EE /* Pods-flowReactor.debug.xcconfig */ = {isa = PBXFileReference; includeInIndex = 1; lastKnownFileType = text.xcconfig; name = "Pods-flowReactor.debug.xcconfig"; path = "Target Support Files/Pods-flowReactor/Pods-flowReactor.debug.xcconfig"; sourceTree = "<group>"; };
		8F295070F37F8E82D6F62735 /* Pods_flowReactor.framework */ = {isa = PBXFileReference; explicitFileType = wrapper.framework; includeInIndex = 0; path = Pods_flowReactor.framework; sourceTree = BUILT_PRODUCTS_DIR; };
		DA676B547CEBA541EC3A6353 /* Pods-flowReactor.release.xcconfig */ = {isa = PBXFileReference; includeInIndex = 1; lastKnownFileType = text.xcconfig; name = "Pods-flowReactor.release.xcconfig"; path = "Target Support Files/Pods-flowReactor/Pods-flowReactor.release.xcconfig"; sourceTree = "<group>"; };
/* End PBXFileReference section */

/* Begin PBXFrameworksBuildPhase section */
		46CFE40827279CB600E6B827 /* Frameworks */ = {
			isa = PBXFrameworksBuildPhase;
			buildActionMask = 2147483647;
			files = (
				AB9050BFB688547E91C70E82 /* Pods_flowReactor.framework in Frameworks */,
			);
			runOnlyForDeploymentPostprocessing = 0;
		};
/* End PBXFrameworksBuildPhase section */

/* Begin PBXGroup section */
		46CFE40227279CB600E6B827 = {
			isa = PBXGroup;
			children = (
				46CFE40D27279CB600E6B827 /* flowReactor */,
				46CFE40C27279CB600E6B827 /* Products */,
				6EFAA9C656D9236BDF90A0A1 /* Pods */,
				E0C563717FBF5EFAD89DCC6F /* Frameworks */,
			);
			sourceTree = "<group>";
		};
		46CFE40C27279CB600E6B827 /* Products */ = {
			isa = PBXGroup;
			children = (
				46CFE40B27279CB600E6B827 /* flowReactor.app */,
			);
			name = Products;
			sourceTree = "<group>";
		};
		46CFE40D27279CB600E6B827 /* flowReactor */ = {
			isa = PBXGroup;
			children = (
				46CFE42427279D4600E6B827 /* Supporting */,
				46CFE42327279D3800E6B827 /* Resources */,
				46CFE42227279D3400E6B827 /* Sources */,
			);
			path = flowReactor;
			sourceTree = "<group>";
		};
		46CFE42227279D3400E6B827 /* Sources */ = {
			isa = PBXGroup;
			children = (
				46CFE4382727BAD600E6B827 /* Common */,
				46CFE4372727A24C00E6B827 /* Network */,
				46CFE42E2727A18D00E6B827 /* Services */,
				46CFE4262727A08B00E6B827 /* Flows */,
				46CFE42527279DBB00E6B827 /* App */,
			);
			path = Sources;
			sourceTree = "<group>";
		};
		46CFE42327279D3800E6B827 /* Resources */ = {
			isa = PBXGroup;
			children = (
				46CFE41727279CB800E6B827 /* Assets.xcassets */,
				46CFE41927279CB800E6B827 /* LaunchScreen.storyboard */,
			);
			path = Resources;
			sourceTree = "<group>";
		};
		46CFE42427279D4600E6B827 /* Supporting */ = {
			isa = PBXGroup;
			children = (
				46CFE41C27279CB800E6B827 /* Info.plist */,
			);
			path = Supporting;
			sourceTree = "<group>";
		};
		46CFE42527279DBB00E6B827 /* App */ = {
			isa = PBXGroup;
			children = (
				46CFE40E27279CB600E6B827 /* AppDelegate.swift */,
				46CFE41027279CB600E6B827 /* SceneDelegate.swift */,
			);
			path = App;
			sourceTree = "<group>";
		};
		46CFE4262727A08B00E6B827 /* Flows */ = {
			isa = PBXGroup;
			children = (
				46CFE42A2727A12C00E6B827 /* Flow */,
				46CFE4272727A08F00E6B827 /* Step */,
			);
			path = Flows;
			sourceTree = "<group>";
		};
		46CFE4272727A08F00E6B827 /* Step */ = {
			isa = PBXGroup;
			children = (
				46CFE4282727A09700E6B827 /* SampleStep.swift */,
			);
			path = Step;
			sourceTree = "<group>";
		};
		46CFE42A2727A12C00E6B827 /* Flow */ = {
			isa = PBXGroup;
			children = (
				46CFE42B2727A13800E6B827 /* AppFlow.swift */,
			);
			path = Flow;
			sourceTree = "<group>";
		};
		46CFE42E2727A18D00E6B827 /* Services */ = {
			isa = PBXGroup;
			children = (
				46CFE42F2727A19700E6B827 /* BaseService.swift */,
				46CFE4312727A1B600E6B827 /* ServiceProvider.swift */,
				46CFE4332727A1DA00E6B827 /* NetworkService.swift */,
				46CFE4352727A1FC00E6B827 /* LoginService.swift */,
			);
			path = Services;
			sourceTree = "<group>";
		};
		46CFE4372727A24C00E6B827 /* Network */ = {
			isa = PBXGroup;
			children = (
				46CFE43C2727BB4000E6B827 /* NetworkManager.swift */,
			);
			path = Network;
			sourceTree = "<group>";
		};
		46CFE4382727BAD600E6B827 /* Common */ = {
			isa = PBXGroup;
			children = (
				46CFE4392727BADA00E6B827 /* Model */,
			);
			path = Common;
			sourceTree = "<group>";
		};
		46CFE4392727BADA00E6B827 /* Model */ = {
			isa = PBXGroup;
			children = (
				46CFE43A2727BAF100E6B827 /* Models.swift */,
			);
			path = Model;
			sourceTree = "<group>";
		};
		6EFAA9C656D9236BDF90A0A1 /* Pods */ = {
			isa = PBXGroup;
			children = (
				5C7802F01F3DBDB0A950F3EE /* Pods-flowReactor.debug.xcconfig */,
				DA676B547CEBA541EC3A6353 /* Pods-flowReactor.release.xcconfig */,
			);
			path = Pods;
			sourceTree = "<group>";
		};
		E0C563717FBF5EFAD89DCC6F /* Frameworks */ = {
			isa = PBXGroup;
			children = (
				8F295070F37F8E82D6F62735 /* Pods_flowReactor.framework */,
			);
			name = Frameworks;
			sourceTree = "<group>";
		};
/* End PBXGroup section */

/* Begin PBXNativeTarget section */
		46CFE40A27279CB600E6B827 /* flowReactor */ = {
			isa = PBXNativeTarget;
			buildConfigurationList = 46CFE41F27279CB800E6B827 /* Build configuration list for PBXNativeTarget "flowReactor" */;
			buildPhases = (
				846F0393031A71378278DE58 /* [CP] Check Pods Manifest.lock */,
				46CFE40727279CB600E6B827 /* Sources */,
				46CFE40827279CB600E6B827 /* Frameworks */,
				46CFE40927279CB600E6B827 /* Resources */,
				8A4BECEA5D72F36520946437 /* [CP] Embed Pods Frameworks */,
			);
			buildRules = (
			);
			dependencies = (
			);
			name = flowReactor;
			productName = flowReactor;
			productReference = 46CFE40B27279CB600E6B827 /* flowReactor.app */;
			productType = "com.apple.product-type.application";
		};
/* End PBXNativeTarget section */

/* Begin PBXProject section */
		46CFE40327279CB600E6B827 /* Project object */ = {
			isa = PBXProject;
			attributes = {
				BuildIndependentTargetsInParallel = 1;
				LastSwiftUpdateCheck = 1300;
				LastUpgradeCheck = 1300;
				TargetAttributes = {
					46CFE40A27279CB600E6B827 = {
						CreatedOnToolsVersion = 13.0;
					};
				};
			};
			buildConfigurationList = 46CFE40627279CB600E6B827 /* Build configuration list for PBXProject "flowReactor" */;
			compatibilityVersion = "Xcode 13.0";
			developmentRegion = en;
			hasScannedForEncodings = 0;
			knownRegions = (
				en,
				Base,
			);
			mainGroup = 46CFE40227279CB600E6B827;
			productRefGroup = 46CFE40C27279CB600E6B827 /* Products */;
			projectDirPath = "";
			projectRoot = "";
			targets = (
				46CFE40A27279CB600E6B827 /* flowReactor */,
			);
		};
/* End PBXProject section */

/* Begin PBXResourcesBuildPhase section */
		46CFE40927279CB600E6B827 /* Resources */ = {
			isa = PBXResourcesBuildPhase;
			buildActionMask = 2147483647;
			files = (
				46CFE41B27279CB800E6B827 /* LaunchScreen.storyboard in Resources */,
				46CFE41827279CB800E6B827 /* Assets.xcassets in Resources */,
			);
			runOnlyForDeploymentPostprocessing = 0;
		};
/* End PBXResourcesBuildPhase section */

/* Begin PBXShellScriptBuildPhase section */
		846F0393031A71378278DE58 /* [CP] Check Pods Manifest.lock */ = {
			isa = PBXShellScriptBuildPhase;
			buildActionMask = 2147483647;
			files = (
			);
			inputFileListPaths = (
			);
			inputPaths = (
				"${PODS_PODFILE_DIR_PATH}/Podfile.lock",
				"${PODS_ROOT}/Manifest.lock",
			);
			name = "[CP] Check Pods Manifest.lock";
			outputFileListPaths = (
			);
			outputPaths = (
				"$(DERIVED_FILE_DIR)/Pods-flowReactor-checkManifestLockResult.txt",
			);
			runOnlyForDeploymentPostprocessing = 0;
			shellPath = /bin/sh;
			shellScript = "diff \"${PODS_PODFILE_DIR_PATH}/Podfile.lock\" \"${PODS_ROOT}/Manifest.lock\" > /dev/null\nif [ $? != 0 ] ; then\n    # print error to STDERR\n    echo \"error: The sandbox is not in sync with the Podfile.lock. Run 'pod install' or update your CocoaPods installation.\" >&2\n    exit 1\nfi\n# This output is used by Xcode 'outputs' to avoid re-running this script phase.\necho \"SUCCESS\" > \"${SCRIPT_OUTPUT_FILE_0}\"\n";
			showEnvVarsInLog = 0;
		};
		8A4BECEA5D72F36520946437 /* [CP] Embed Pods Frameworks */ = {
			isa = PBXShellScriptBuildPhase;
			buildActionMask = 2147483647;
			files = (
			);
			inputFileListPaths = (
				"${PODS_ROOT}/Target Support Files/Pods-flowReactor/Pods-flowReactor-frameworks-${CONFIGURATION}-input-files.xcfilelist",
			);
			name = "[CP] Embed Pods Frameworks";
			outputFileListPaths = (
				"${PODS_ROOT}/Target Support Files/Pods-flowReactor/Pods-flowReactor-frameworks-${CONFIGURATION}-output-files.xcfilelist",
			);
			runOnlyForDeploymentPostprocessing = 0;
			shellPath = /bin/sh;
			shellScript = "\"${PODS_ROOT}/Target Support Files/Pods-flowReactor/Pods-flowReactor-frameworks.sh\"\n";
			showEnvVarsInLog = 0;
		};
/* End PBXShellScriptBuildPhase section */

/* Begin PBXSourcesBuildPhase section */
		46CFE40727279CB600E6B827 /* Sources */ = {
			isa = PBXSourcesBuildPhase;
			buildActionMask = 2147483647;
			files = (
				46CFE4322727A1B700E6B827 /* ServiceProvider.swift in Sources */,
				46CFE40F27279CB600E6B827 /* AppDelegate.swift in Sources */,
				46CFE43D2727BB4000E6B827 /* NetworkManager.swift in Sources */,
				46CFE42C2727A13800E6B827 /* AppFlow.swift in Sources */,
				46CFE41127279CB600E6B827 /* SceneDelegate.swift in Sources */,
				46CFE4302727A19700E6B827 /* BaseService.swift in Sources */,
				46CFE4292727A09700E6B827 /* SampleStep.swift in Sources */,
				46CFE43B2727BAF100E6B827 /* Models.swift in Sources */,
				46CFE4342727A1DA00E6B827 /* NetworkService.swift in Sources */,
				46CFE4362727A1FC00E6B827 /* LoginService.swift in Sources */,
			);
			runOnlyForDeploymentPostprocessing = 0;
		};
/* End PBXSourcesBuildPhase section */

/* Begin PBXVariantGroup section */
		46CFE41927279CB800E6B827 /* LaunchScreen.storyboard */ = {
			isa = PBXVariantGroup;
			children = (
				46CFE41A27279CB800E6B827 /* Base */,
			);
			name = LaunchScreen.storyboard;
			sourceTree = "<group>";
		};
/* End PBXVariantGroup section */

/* Begin XCBuildConfiguration section */
		46CFE41D27279CB800E6B827 /* Debug */ = {
			isa = XCBuildConfiguration;
			buildSettings = {
				ALWAYS_SEARCH_USER_PATHS = NO;
				CLANG_ANALYZER_NONNULL = YES;
				CLANG_ANALYZER_NUMBER_OBJECT_CONVERSION = YES_AGGRESSIVE;
				CLANG_CXX_LANGUAGE_STANDARD = "gnu++17";
				CLANG_CXX_LIBRARY = "libc++";
				CLANG_ENABLE_MODULES = YES;
				CLANG_ENABLE_OBJC_ARC = YES;
				CLANG_ENABLE_OBJC_WEAK = YES;
				CLANG_WARN_BLOCK_CAPTURE_AUTORELEASING = YES;
				CLANG_WARN_BOOL_CONVERSION = YES;
				CLANG_WARN_COMMA = YES;
				CLANG_WARN_CONSTANT_CONVERSION = YES;
				CLANG_WARN_DEPRECATED_OBJC_IMPLEMENTATIONS = YES;
				CLANG_WARN_DIRECT_OBJC_ISA_USAGE = YES_ERROR;
				CLANG_WARN_DOCUMENTATION_COMMENTS = YES;
				CLANG_WARN_EMPTY_BODY = YES;
				CLANG_WARN_ENUM_CONVERSION = YES;
				CLANG_WARN_INFINITE_RECURSION = YES;
				CLANG_WARN_INT_CONVERSION = YES;
				CLANG_WARN_NON_LITERAL_NULL_CONVERSION = YES;
				CLANG_WARN_OBJC_IMPLICIT_RETAIN_SELF = YES;
				CLANG_WARN_OBJC_LITERAL_CONVERSION = YES;
				CLANG_WARN_OBJC_ROOT_CLASS = YES_ERROR;
				CLANG_WARN_QUOTED_INCLUDE_IN_FRAMEWORK_HEADER = YES;
				CLANG_WARN_RANGE_LOOP_ANALYSIS = YES;
				CLANG_WARN_STRICT_PROTOTYPES = YES;
				CLANG_WARN_SUSPICIOUS_MOVE = YES;
				CLANG_WARN_UNGUARDED_AVAILABILITY = YES_AGGRESSIVE;
				CLANG_WARN_UNREACHABLE_CODE = YES;
				CLANG_WARN__DUPLICATE_METHOD_MATCH = YES;
				COPY_PHASE_STRIP = NO;
				DEBUG_INFORMATION_FORMAT = dwarf;
				ENABLE_STRICT_OBJC_MSGSEND = YES;
				ENABLE_TESTABILITY = YES;
				GCC_C_LANGUAGE_STANDARD = gnu11;
				GCC_DYNAMIC_NO_PIC = NO;
				GCC_NO_COMMON_BLOCKS = YES;
				GCC_OPTIMIZATION_LEVEL = 0;
				GCC_PREPROCESSOR_DEFINITIONS = (
					"DEBUG=1",
					"$(inherited)",
				);
				GCC_WARN_64_TO_32_BIT_CONVERSION = YES;
				GCC_WARN_ABOUT_RETURN_TYPE = YES_ERROR;
				GCC_WARN_UNDECLARED_SELECTOR = YES;
				GCC_WARN_UNINITIALIZED_AUTOS = YES_AGGRESSIVE;
				GCC_WARN_UNUSED_FUNCTION = YES;
				GCC_WARN_UNUSED_VARIABLE = YES;
				IPHONEOS_DEPLOYMENT_TARGET = 15.0;
				MTL_ENABLE_DEBUG_INFO = INCLUDE_SOURCE;
				MTL_FAST_MATH = YES;
				ONLY_ACTIVE_ARCH = YES;
				SDKROOT = iphoneos;
				SWIFT_ACTIVE_COMPILATION_CONDITIONS = DEBUG;
				SWIFT_OPTIMIZATION_LEVEL = "-Onone";
			};
			name = Debug;
		};
		46CFE41E27279CB800E6B827 /* Release */ = {
			isa = XCBuildConfiguration;
			buildSettings = {
				ALWAYS_SEARCH_USER_PATHS = NO;
				CLANG_ANALYZER_NONNULL = YES;
				CLANG_ANALYZER_NUMBER_OBJECT_CONVERSION = YES_AGGRESSIVE;
				CLANG_CXX_LANGUAGE_STANDARD = "gnu++17";
				CLANG_CXX_LIBRARY = "libc++";
				CLANG_ENABLE_MODULES = YES;
				CLANG_ENABLE_OBJC_ARC = YES;
				CLANG_ENABLE_OBJC_WEAK = YES;
				CLANG_WARN_BLOCK_CAPTURE_AUTORELEASING = YES;
				CLANG_WARN_BOOL_CONVERSION = YES;
				CLANG_WARN_COMMA = YES;
				CLANG_WARN_CONSTANT_CONVERSION = YES;
				CLANG_WARN_DEPRECATED_OBJC_IMPLEMENTATIONS = YES;
				CLANG_WARN_DIRECT_OBJC_ISA_USAGE = YES_ERROR;
				CLANG_WARN_DOCUMENTATION_COMMENTS = YES;
				CLANG_WARN_EMPTY_BODY = YES;
				CLANG_WARN_ENUM_CONVERSION = YES;
				CLANG_WARN_INFINITE_RECURSION = YES;
				CLANG_WARN_INT_CONVERSION = YES;
				CLANG_WARN_NON_LITERAL_NULL_CONVERSION = YES;
				CLANG_WARN_OBJC_IMPLICIT_RETAIN_SELF = YES;
				CLANG_WARN_OBJC_LITERAL_CONVERSION = YES;
				CLANG_WARN_OBJC_ROOT_CLASS = YES_ERROR;
				CLANG_WARN_QUOTED_INCLUDE_IN_FRAMEWORK_HEADER = YES;
				CLANG_WARN_RANGE_LOOP_ANALYSIS = YES;
				CLANG_WARN_STRICT_PROTOTYPES = YES;
				CLANG_WARN_SUSPICIOUS_MOVE = YES;
				CLANG_WARN_UNGUARDED_AVAILABILITY = YES_AGGRESSIVE;
				CLANG_WARN_UNREACHABLE_CODE = YES;
				CLANG_WARN__DUPLICATE_METHOD_MATCH = YES;
				COPY_PHASE_STRIP = NO;
				DEBUG_INFORMATION_FORMAT = "dwarf-with-dsym";
				ENABLE_NS_ASSERTIONS = NO;
				ENABLE_STRICT_OBJC_MSGSEND = YES;
				GCC_C_LANGUAGE_STANDARD = gnu11;
				GCC_NO_COMMON_BLOCKS = YES;
				GCC_WARN_64_TO_32_BIT_CONVERSION = YES;
				GCC_WARN_ABOUT_RETURN_TYPE = YES_ERROR;
				GCC_WARN_UNDECLARED_SELECTOR = YES;
				GCC_WARN_UNINITIALIZED_AUTOS = YES_AGGRESSIVE;
				GCC_WARN_UNUSED_FUNCTION = YES;
				GCC_WARN_UNUSED_VARIABLE = YES;
				IPHONEOS_DEPLOYMENT_TARGET = 15.0;
				MTL_ENABLE_DEBUG_INFO = NO;
				MTL_FAST_MATH = YES;
				SDKROOT = iphoneos;
				SWIFT_COMPILATION_MODE = wholemodule;
				SWIFT_OPTIMIZATION_LEVEL = "-O";
				VALIDATE_PRODUCT = YES;
			};
			name = Release;
		};
		46CFE42027279CB800E6B827 /* Debug */ = {
			isa = XCBuildConfiguration;
			baseConfigurationReference = 5C7802F01F3DBDB0A950F3EE /* Pods-flowReactor.debug.xcconfig */;
			buildSettings = {
				ASSETCATALOG_COMPILER_APPICON_NAME = AppIcon;
				ASSETCATALOG_COMPILER_GLOBAL_ACCENT_COLOR_NAME = AccentColor;
				CODE_SIGN_STYLE = Automatic;
				CURRENT_PROJECT_VERSION = 1;
				GENERATE_INFOPLIST_FILE = YES;
				INFOPLIST_FILE = flowReactor/Supporting/Info.plist;
				INFOPLIST_KEY_UIApplicationSupportsIndirectInputEvents = YES;
				INFOPLIST_KEY_UILaunchStoryboardName = LaunchScreen;
				INFOPLIST_KEY_UISupportedInterfaceOrientations_iPad = "UIInterfaceOrientationPortrait UIInterfaceOrientationPortraitUpsideDown UIInterfaceOrientationLandscapeLeft UIInterfaceOrientationLandscapeRight";
				INFOPLIST_KEY_UISupportedInterfaceOrientations_iPhone = "UIInterfaceOrientationPortrait UIInterfaceOrientationLandscapeLeft UIInterfaceOrientationLandscapeRight";
				LD_RUNPATH_SEARCH_PATHS = (
					"$(inherited)",
					"@executable_path/Frameworks",
				);
				MARKETING_VERSION = 1.0;
				PRODUCT_BUNDLE_IDENTIFIER = baek.flowReactor;
				PRODUCT_NAME = "$(TARGET_NAME)";
				SWIFT_EMIT_LOC_STRINGS = YES;
				SWIFT_VERSION = 5.0;
				TARGETED_DEVICE_FAMILY = "1,2";
			};
			name = Debug;
		};
		46CFE42127279CB800E6B827 /* Release */ = {
			isa = XCBuildConfiguration;
			baseConfigurationReference = DA676B547CEBA541EC3A6353 /* Pods-flowReactor.release.xcconfig */;
			buildSettings = {
				ASSETCATALOG_COMPILER_APPICON_NAME = AppIcon;
				ASSETCATALOG_COMPILER_GLOBAL_ACCENT_COLOR_NAME = AccentColor;
				CODE_SIGN_STYLE = Automatic;
				CURRENT_PROJECT_VERSION = 1;
				GENERATE_INFOPLIST_FILE = YES;
				INFOPLIST_FILE = flowReactor/Supporting/Info.plist;
				INFOPLIST_KEY_UIApplicationSupportsIndirectInputEvents = YES;
				INFOPLIST_KEY_UILaunchStoryboardName = LaunchScreen;
				INFOPLIST_KEY_UISupportedInterfaceOrientations_iPad = "UIInterfaceOrientationPortrait UIInterfaceOrientationPortraitUpsideDown UIInterfaceOrientationLandscapeLeft UIInterfaceOrientationLandscapeRight";
				INFOPLIST_KEY_UISupportedInterfaceOrientations_iPhone = "UIInterfaceOrientationPortrait UIInterfaceOrientationLandscapeLeft UIInterfaceOrientationLandscapeRight";
				LD_RUNPATH_SEARCH_PATHS = (
					"$(inherited)",
					"@executable_path/Frameworks",
				);
				MARKETING_VERSION = 1.0;
				PRODUCT_BUNDLE_IDENTIFIER = baek.flowReactor;
				PRODUCT_NAME = "$(TARGET_NAME)";
				SWIFT_EMIT_LOC_STRINGS = YES;
				SWIFT_VERSION = 5.0;
				TARGETED_DEVICE_FAMILY = "1,2";
			};
			name = Release;
		};
/* End XCBuildConfiguration section */

/* Begin XCConfigurationList section */
		46CFE40627279CB600E6B827 /* Build configuration list for PBXProject "flowReactor" */ = {
			isa = XCConfigurationList;
			buildConfigurations = (
				46CFE41D27279CB800E6B827 /* Debug */,
				46CFE41E27279CB800E6B827 /* Release */,
			);
			defaultConfigurationIsVisible = 0;
			defaultConfigurationName = Release;
		};
		46CFE41F27279CB800E6B827 /* Build configuration list for PBXNativeTarget "flowReactor" */ = {
			isa = XCConfigurationList;
			buildConfigurations = (
				46CFE42027279CB800E6B827 /* Debug */,
				46CFE42127279CB800E6B827 /* Release */,
			);
			defaultConfigurationIsVisible = 0;
			defaultConfigurationName = Release;
		};
/* End XCConfigurationList section */
	};
	rootObject = 46CFE40327279CB600E6B827 /* Project object */;
}
